
Microsoft Visual Studio Solution File, Format Version 12.00
# Visual Studio Version 16
VisualStudioVersion = 16.0.31729.503
MinimumVisualStudioVersion = 10.0.40219.1
Project("{FAE04EC0-301F-11D3-BF4B-00C04F79EFBC}") = "ImageToGT3", "ImageToGTR3\ImageToGT3.csproj", "{CA7C4C9A-4657-40DA-9EB0-58FC02ACD559}"
EndProject
Global
	GlobalSection(SolutionConfigurationPlatforms) = preSolution
		Debug|Any CPU = Debug|Any CPU
		Release|Any CPU = Release|Any CPU
	EndGlobalSection
	GlobalSection(ProjectConfigurationPlatforms) = postSolution
		{CA7C4C9A-4657-40DA-9EB0-58FC02ACD559}.Debug|Any CPU.ActiveCfg = Debug|Any CPU
		{CA7C4C9A-4657-40DA-9EB0-58FC02ACD559}.Debug|Any CPU.Build.0 = Debug|Any CPU
		{CA7C4C9A-4657-40DA-9EB0-58FC02ACD559}.Release|Any CPU.ActiveCfg = Release|Any CPU
		{CA7C4C9A-4657-40DA-9EB0-58FC02ACD559}.Release|Any CPU.Build.0 = Release|Any CPU
	EndGlobalSection
	GlobalSection(SolutionProperties) = preSolution
		HideSolutionNode = FALSE
	EndGlobalSection
	GlobalSection(ExtensibilityGlobals) = postSolution
		SolutionGuid = {D815DFBC-DC1C-4E08-9DE3-FC2B40C62688}
	EndGlobalSection
EndGlobal
